{
  "name": "xclaw",
  "version": "3.180.1",
  "lockfileVersion": 3,
  "requires": true,
  "packages": {
    "": {
      "name": "xclaw",
      "version": "3.180.1",
      "license": "MIT",
      "bin": {
        "xclaw": "bin/xclaw.mjs"
      },
      "engines": {
        "node": ">=22"
      }
    }
  }
}
